
Microsoft Visual Studio Solution File, Format Version 12.00
# Visual Studio Version 16
VisualStudioVersion = 16.0.31829.152
MinimumVisualStudioVersion = 10.0.40219.1
Project("{FAE04EC0-301F-11D3-BF4B-00C04F79EFBC}") = "DataStructuresProject4", "DataStructuresProject4\DataStructuresProject4.csproj", "{B8A9FD93-738A-47EB-B954-7CCC55A686DC}"
EndProject
Global
	GlobalSection(SolutionConfigurationPlatforms) = preSolution
		Debug|Any CPU = Debug|Any CPU
		Release|Any CPU = Release|Any CPU
	EndGlobalSection
	GlobalSection(ProjectConfigurationPlatforms) = postSolution
		{B8A9FD93-738A-47EB-B954-7CCC55A686DC}.Debug|Any CPU.ActiveCfg = Debug|Any CPU
		{B8A9FD93-738A-47EB-B954-7CCC55A686DC}.Debug|Any CPU.Build.0 = Debug|Any CPU
		{B8A9FD93-738A-47EB-B954-7CCC55A686DC}.Release|Any CPU.ActiveCfg = Release|Any CPU
		{B8A9FD93-738A-47EB-B954-7CCC55A686DC}.Release|Any CPU.Build.0 = Release|Any CPU
	EndGlobalSection
	GlobalSection(SolutionProperties) = preSolution
		HideSolutionNode = FALSE
	EndGlobalSection
	GlobalSection(ExtensibilityGlobals) = postSolution
		SolutionGuid = {90B6C542-AAE4-4A1B-A507-089ADD626CEF}
	EndGlobalSection
EndGlobal
